
Microsoft Visual Studio Solution File, Format Version 12.00
# Visual Studio Version 16
VisualStudioVersion = 25.0.1704.3
MinimumVisualStudioVersion = 10.0.40219.1
Project("{FAE04EC0-301F-11D3-BF4B-00C04F79EFBC}") = "Week4Loops", "Week4Loops\Week4Loops.csproj", "{99F7B36A-01EF-4AF4-8598-82EED8F2191A}"
EndProject
Project("{FAE04EC0-301F-11D3-BF4B-00C04F79EFBC}") = "ForLoopSum", "ForLoopSum\ForLoopSum.csproj", "{C88A1BB2-D4FE-4B22-B70E-C0157B0651FE}"
EndProject
Project("{FAE04EC0-301F-11D3-BF4B-00C04F79EFBC}") = "RandomNumber", "RandomNumber\RandomNumber.csproj", "{EBA27481-593C-4E7A-85FB-1DF39A82C8DD}"
EndProject
Project("{FAE04EC0-301F-11D3-BF4B-00C04F79EFBC}") = "WhileLoops", "WhileLoops\WhileLoops.csproj", "{9015832F-2835-442F-A0A0-3FD4929DB0AA}"
EndProject
Global
	GlobalSection(SolutionConfigurationPlatforms) = preSolution
		Debug|Any CPU = Debug|Any CPU
		Release|Any CPU = Release|Any CPU
	EndGlobalSection
	GlobalSection(ProjectConfigurationPlatforms) = postSolution
		{99F7B36A-01EF-4AF4-8598-82EED8F2191A}.Debug|Any CPU.ActiveCfg = Debug|Any CPU
		{99F7B36A-01EF-4AF4-8598-82EED8F2191A}.Debug|Any CPU.Build.0 = Debug|Any CPU
		{99F7B36A-01EF-4AF4-8598-82EED8F2191A}.Release|Any CPU.ActiveCfg = Release|Any CPU
		{99F7B36A-01EF-4AF4-8598-82EED8F2191A}.Release|Any CPU.Build.0 = Release|Any CPU
		{C88A1BB2-D4FE-4B22-B70E-C0157B0651FE}.Debug|Any CPU.ActiveCfg = Debug|Any CPU
		{C88A1BB2-D4FE-4B22-B70E-C0157B0651FE}.Debug|Any CPU.Build.0 = Debug|Any CPU
		{C88A1BB2-D4FE-4B22-B70E-C0157B0651FE}.Release|Any CPU.ActiveCfg = Release|Any CPU
		{C88A1BB2-D4FE-4B22-B70E-C0157B0651FE}.Release|Any CPU.Build.0 = Release|Any CPU
		{EBA27481-593C-4E7A-85FB-1DF39A82C8DD}.Debug|Any CPU.ActiveCfg = Debug|Any CPU
		{EBA27481-593C-4E7A-85FB-1DF39A82C8DD}.Debug|Any CPU.Build.0 = Debug|Any CPU
		{EBA27481-593C-4E7A-85FB-1DF39A82C8DD}.Release|Any CPU.ActiveCfg = Release|Any CPU
		{EBA27481-593C-4E7A-85FB-1DF39A82C8DD}.Release|Any CPU.Build.0 = Release|Any CPU
		{9015832F-2835-442F-A0A0-3FD4929DB0AA}.Debug|Any CPU.ActiveCfg = Debug|Any CPU
		{9015832F-2835-442F-A0A0-3FD4929DB0AA}.Debug|Any CPU.Build.0 = Debug|Any CPU
		{9015832F-2835-442F-A0A0-3FD4929DB0AA}.Release|Any CPU.ActiveCfg = Release|Any CPU
		{9015832F-2835-442F-A0A0-3FD4929DB0AA}.Release|Any CPU.Build.0 = Release|Any CPU
	EndGlobalSection
	GlobalSection(SolutionProperties) = preSolution
		HideSolutionNode = FALSE
	EndGlobalSection
	GlobalSection(ExtensibilityGlobals) = postSolution
		SolutionGuid = {2A3897DA-73F7-491D-B6DA-D2566DB97282}
	EndGlobalSection
EndGlobal
